{
  "name": "node-red-contrib-publicgooglesheets",
  "version": "0.0.2",
  "lockfileVersion": 1,
  "requires": true,
  "dependencies": {
    "node-fetch": {
      "version": "2.6.1",
      "resolved": "https://registry.npmjs.org/node-fetch/-/node-fetch-2.6.1.tgz",
      "integrity": "sha512-V4aYg89jEoVRxRb2fJdAg8FHvI7cEyYdVAh94HH0UIK8oJxUfkjlDQN9RbMx+bEjP7+ggMiFRprSti032Oipxw=="
    },
    "public-google-sheets-parser": {
      "version": "1.0.13",
      "resolved": "https://registry.npmjs.org/public-google-sheets-parser/-/public-google-sheets-parser-1.0.13.tgz",
      "integrity": "sha512-kHnGZK08lCvQ6D23iQJnfM6PEITlqim995HNY8UJKjH9KK776c+pEqTvflAPWzbhX3CuGVAL6MFVMj12j0XtBA==",
      "requires": {
        "node-fetch": "^2.6.1"
      }
    }
  }
}
